<?xml version="1.0" encoding="utf-8"?>
<Project ToolsVersion="4.0" xmlns="http://schemas.microsoft.com/developer/msbuild/2003">
  <ItemGroup>
    <Filter Include="Source Files">
      <UniqueIdentifier>{4FC737F1-C7A5-4376-A066-2A32D752A2FF}</UniqueIdentifier>
      <Extensions>cpp;c;cc;cxx;c++;cppm;ixx;def;odl;idl;hpj;bat;asm;asmx</Extensions>
    </Filter>
    <Filter Include="Header Files">
      <UniqueIdentifier>{93995380-89BD-4b04-88EB-625FBE52EBFB}</UniqueIdentifier>
      <Extensions>h;hh;hpp;hxx;h++;hm;inl;inc;ipp;xsd</Extensions>
    </Filter>
    <Filter Include="Resource Files">
      <UniqueIdentifier>{67DA6AB6-F800-4c08-8B7A-83BB121AAD01}</UniqueIdentifier>
      <Extensions>rc;ico;cur;bmp;dlg;rc2;rct;bin;rgs;gif;jpg;jpeg;jpe;resx;tiff;tif;png;wav;mfcribbon-ms</Extensions>
    </Filter>
  </ItemGroup>
  <ItemGroup>
    <ClCompile Include="L0.cpp">
      <Filter>Source Files</Filter>
    </ClCompile>
    <ClCompile Include="L1.cpp">
      <Filter>Source Files</Filter>
    </ClCompile>
    <ClCompile Include="L2.cpp">
      <Filter>Source Files</Filter>
    </ClCompile>
    <ClCompile Include="L3.cpp">
      <Filter>Source Files</Filter>
    </ClCompile>
    <ClCompile Include="L4.cpp">
      <Filter>Source Files</Filter>
    </ClCompile>
    <ClCompile Include="L4imp.cpp">
      <Filter>Source Files</Filter>
    </ClCompile>
    <ClCompile Include="L5.cpp">
      <Filter>Source Files</Filter>
    </ClCompile>
    <ClCompile Include="L6.cpp">
      <Filter>Source Files</Filter>
    </ClCompile>
    <ClCompile Include="L7imp.cpp">
      <Filter>Source Files</Filter>
    </ClCompile>
    <ClCompile Include="L7.cpp">
      <Filter>Source Files</Filter>
    </ClCompile>
    <ClCompile Include="L7_shape_imp.cpp">
      <Filter>Source Files</Filter>
    </ClCompile>
    <ClCompile Include="L7_shape2D_imp.cpp">
      <Filter>Source Files</Filter>
    </ClCompile>
    <ClCompile Include="L7_shape3D_imp.cpp">
      <Filter>Source Files</Filter>
    </ClCompile>
    <ClCompile Include="L7_circle_imp.cpp">
      <Filter>Source Files</Filter>
    </ClCompile>
    <ClCompile Include="L7_square_imp.cpp">
      <Filter>Source Files</Filter>
    </ClCompile>
    <ClCompile Include="L7_sphere_imp.cpp">
      <Filter>Source Files</Filter>
    </ClCompile>
    <ClCompile Include="L7_cube_imp.cpp">
      <Filter>Source Files</Filter>
    </ClCompile>
    <ClCompile Include="L8.cpp">
      <Filter>Source Files</Filter>
    </ClCompile>
    <ClCompile Include="L9.cpp">
      <Filter>Source Files</Filter>
    </ClCompile>
    <ClCompile Include="L10.cpp">
      <Filter>Source Files</Filter>
    </ClCompile>
    <ClCompile Include="L11.cpp">
      <Filter>Source Files</Filter>
    </ClCompile>
  </ItemGroup>
  <ItemGroup>
    <ClInclude Include="LAB4.h">
      <Filter>Header Files</Filter>
    </ClInclude>
    <ClInclude Include="LAB7.h">
      <Filter>Header Files</Filter>
    </ClInclude>
    <ClInclude Include="shape.h">
      <Filter>Header Files</Filter>
    </ClInclude>
    <ClInclude Include="shape2D.h">
      <Filter>Header Files</Filter>
    </ClInclude>
    <ClInclude Include="shape3D.h">
      <Filter>Header Files</Filter>
    </ClInclude>
    <ClInclude Include="circle.h">
      <Filter>Header Files</Filter>
    </ClInclude>
    <ClInclude Include="square.h">
      <Filter>Header Files</Filter>
    </ClInclude>
    <ClInclude Include="cube.h">
      <Filter>Header Files</Filter>
    </ClInclude>
    <ClInclude Include="sphere.h">
      <Filter>Header Files</Filter>
    </ClInclude>
  </ItemGroup>
</Project>